
Microsoft Visual Studio Solution File, Format Version 12.00
# Visual Studio Version 16
VisualStudioVersion = 16.0.30804.86
MinimumVisualStudioVersion = 10.0.40219.1
Project("{FAE04EC0-301F-11D3-BF4B-00C04F79EFBC}") = "Module18", "Module18.csproj", "{BB9580DA-6F4E-4918-871A-453A742C9DBA}"
EndProject
Global
	GlobalSection(SolutionConfigurationPlatforms) = preSolution
		Debug|Any CPU = Debug|Any CPU
		Release|Any CPU = Release|Any CPU
	EndGlobalSection
	GlobalSection(ProjectConfigurationPlatforms) = postSolution
		{BB9580DA-6F4E-4918-871A-453A742C9DBA}.Debug|Any CPU.ActiveCfg = Debug|Any CPU
		{BB9580DA-6F4E-4918-871A-453A742C9DBA}.Debug|Any CPU.Build.0 = Debug|Any CPU
		{BB9580DA-6F4E-4918-871A-453A742C9DBA}.Release|Any CPU.ActiveCfg = Release|Any CPU
		{BB9580DA-6F4E-4918-871A-453A742C9DBA}.Release|Any CPU.Build.0 = Release|Any CPU
	EndGlobalSection
	GlobalSection(SolutionProperties) = preSolution
		HideSolutionNode = FALSE
	EndGlobalSection
	GlobalSection(ExtensibilityGlobals) = postSolution
		SolutionGuid = {E6D23776-9649-46F8-8F66-1C8A8581E4BF}
	EndGlobalSection
EndGlobal
