
Microsoft Visual Studio Solution File, Format Version 12.00
# Visual Studio Version 16
VisualStudioVersion = 16.0.30621.155
MinimumVisualStudioVersion = 10.0.40219.1
Project("{FAE04EC0-301F-11D3-BF4B-00C04F79EFBC}") = "Module11.3", "Module11.3.csproj", "{EB62EDD9-D277-45A3-A6EC-F1A96E114CA8}"
EndProject
Project("{FAE04EC0-301F-11D3-BF4B-00C04F79EFBC}") = "FinalTask_module_11.7", "..\FinalTask_module_11.7\FinalTask_module_11.7.csproj", "{BACB5E08-421C-4353-BA14-786B36870589}"
EndProject
Global
	GlobalSection(SolutionConfigurationPlatforms) = preSolution
		Debug|Any CPU = Debug|Any CPU
		Release|Any CPU = Release|Any CPU
	EndGlobalSection
	GlobalSection(ProjectConfigurationPlatforms) = postSolution
		{EB62EDD9-D277-45A3-A6EC-F1A96E114CA8}.Debug|Any CPU.ActiveCfg = Debug|Any CPU
		{EB62EDD9-D277-45A3-A6EC-F1A96E114CA8}.Debug|Any CPU.Build.0 = Debug|Any CPU
		{EB62EDD9-D277-45A3-A6EC-F1A96E114CA8}.Release|Any CPU.ActiveCfg = Release|Any CPU
		{EB62EDD9-D277-45A3-A6EC-F1A96E114CA8}.Release|Any CPU.Build.0 = Release|Any CPU
		{BACB5E08-421C-4353-BA14-786B36870589}.Debug|Any CPU.ActiveCfg = Debug|Any CPU
		{BACB5E08-421C-4353-BA14-786B36870589}.Debug|Any CPU.Build.0 = Debug|Any CPU
		{BACB5E08-421C-4353-BA14-786B36870589}.Release|Any CPU.ActiveCfg = Release|Any CPU
		{BACB5E08-421C-4353-BA14-786B36870589}.Release|Any CPU.Build.0 = Release|Any CPU
	EndGlobalSection
	GlobalSection(SolutionProperties) = preSolution
		HideSolutionNode = FALSE
	EndGlobalSection
	GlobalSection(ExtensibilityGlobals) = postSolution
		SolutionGuid = {0252BBFB-B136-45FD-BD44-5A52A883DEC3}
	EndGlobalSection
EndGlobal
