
Microsoft Visual Studio Solution File, Format Version 12.00
# Visual Studio Version 16
VisualStudioVersion = 16.0.30621.155
MinimumVisualStudioVersion = 10.0.40219.1
Project("{FAE04EC0-301F-11D3-BF4B-00C04F79EFBC}") = "Module13", "Module13.csproj", "{FF22CF8D-553E-4945-8134-B79B571E2036}"
EndProject
Global
	GlobalSection(SolutionConfigurationPlatforms) = preSolution
		Debug|Any CPU = Debug|Any CPU
		Release|Any CPU = Release|Any CPU
	EndGlobalSection
	GlobalSection(ProjectConfigurationPlatforms) = postSolution
		{FF22CF8D-553E-4945-8134-B79B571E2036}.Debug|Any CPU.ActiveCfg = Debug|Any CPU
		{FF22CF8D-553E-4945-8134-B79B571E2036}.Debug|Any CPU.Build.0 = Debug|Any CPU
		{FF22CF8D-553E-4945-8134-B79B571E2036}.Release|Any CPU.ActiveCfg = Release|Any CPU
		{FF22CF8D-553E-4945-8134-B79B571E2036}.Release|Any CPU.Build.0 = Release|Any CPU
	EndGlobalSection
	GlobalSection(SolutionProperties) = preSolution
		HideSolutionNode = FALSE
	EndGlobalSection
	GlobalSection(ExtensibilityGlobals) = postSolution
		SolutionGuid = {20B1BEF5-045A-42E3-96B8-E727865DDB3D}
	EndGlobalSection
EndGlobal
