
Microsoft Visual Studio Solution File, Format Version 12.00
# Visual Studio Version 16
VisualStudioVersion = 16.0.30621.155
MinimumVisualStudioVersion = 10.0.40219.1
Project("{FAE04EC0-301F-11D3-BF4B-00C04F79EFBC}") = "Module16", "Module16.csproj", "{1D314BCE-8E06-4B2D-9F58-B5FE8D513B0C}"
EndProject
Global
	GlobalSection(SolutionConfigurationPlatforms) = preSolution
		Debug|Any CPU = Debug|Any CPU
		Release|Any CPU = Release|Any CPU
	EndGlobalSection
	GlobalSection(ProjectConfigurationPlatforms) = postSolution
		{1D314BCE-8E06-4B2D-9F58-B5FE8D513B0C}.Debug|Any CPU.ActiveCfg = Debug|Any CPU
		{1D314BCE-8E06-4B2D-9F58-B5FE8D513B0C}.Debug|Any CPU.Build.0 = Debug|Any CPU
		{1D314BCE-8E06-4B2D-9F58-B5FE8D513B0C}.Release|Any CPU.ActiveCfg = Release|Any CPU
		{1D314BCE-8E06-4B2D-9F58-B5FE8D513B0C}.Release|Any CPU.Build.0 = Release|Any CPU
	EndGlobalSection
	GlobalSection(SolutionProperties) = preSolution
		HideSolutionNode = FALSE
	EndGlobalSection
	GlobalSection(ExtensibilityGlobals) = postSolution
		SolutionGuid = {4C6B6266-4D0C-42DA-84A4-05E822B85DD3}
	EndGlobalSection
EndGlobal
