
Microsoft Visual Studio Solution File, Format Version 12.00
# Visual Studio Version 16
VisualStudioVersion = 16.0.30804.86
MinimumVisualStudioVersion = 10.0.40219.1
Project("{FAE04EC0-301F-11D3-BF4B-00C04F79EFBC}") = "Module22", "Module22.csproj", "{B88EF5A9-6576-4B45-9EBA-095F2061402C}"
EndProject
Global
	GlobalSection(SolutionConfigurationPlatforms) = preSolution
		Debug|Any CPU = Debug|Any CPU
		Release|Any CPU = Release|Any CPU
	EndGlobalSection
	GlobalSection(ProjectConfigurationPlatforms) = postSolution
		{B88EF5A9-6576-4B45-9EBA-095F2061402C}.Debug|Any CPU.ActiveCfg = Debug|Any CPU
		{B88EF5A9-6576-4B45-9EBA-095F2061402C}.Debug|Any CPU.Build.0 = Debug|Any CPU
		{B88EF5A9-6576-4B45-9EBA-095F2061402C}.Release|Any CPU.ActiveCfg = Release|Any CPU
		{B88EF5A9-6576-4B45-9EBA-095F2061402C}.Release|Any CPU.Build.0 = Release|Any CPU
	EndGlobalSection
	GlobalSection(SolutionProperties) = preSolution
		HideSolutionNode = FALSE
	EndGlobalSection
	GlobalSection(ExtensibilityGlobals) = postSolution
		SolutionGuid = {4FFDF1A3-284B-4FB5-8E52-00CC6D9630E7}
	EndGlobalSection
EndGlobal
