
Microsoft Visual Studio Solution File, Format Version 12.00
# Visual Studio Version 16
VisualStudioVersion = 16.0.30804.86
MinimumVisualStudioVersion = 10.0.40219.1
Project("{FAE04EC0-301F-11D3-BF4B-00C04F79EFBC}") = "Module24", "Module24.csproj", "{63515D8E-E5AA-432E-9C43-F20977B1261D}"
EndProject
Global
	GlobalSection(SolutionConfigurationPlatforms) = preSolution
		Debug|Any CPU = Debug|Any CPU
		Release|Any CPU = Release|Any CPU
	EndGlobalSection
	GlobalSection(ProjectConfigurationPlatforms) = postSolution
		{63515D8E-E5AA-432E-9C43-F20977B1261D}.Debug|Any CPU.ActiveCfg = Debug|Any CPU
		{63515D8E-E5AA-432E-9C43-F20977B1261D}.Debug|Any CPU.Build.0 = Debug|Any CPU
		{63515D8E-E5AA-432E-9C43-F20977B1261D}.Release|Any CPU.ActiveCfg = Release|Any CPU
		{63515D8E-E5AA-432E-9C43-F20977B1261D}.Release|Any CPU.Build.0 = Release|Any CPU
	EndGlobalSection
	GlobalSection(SolutionProperties) = preSolution
		HideSolutionNode = FALSE
	EndGlobalSection
	GlobalSection(ExtensibilityGlobals) = postSolution
		SolutionGuid = {70A70B28-9D1D-4C40-A265-4FEE21450410}
	EndGlobalSection
EndGlobal
